
Microsoft Visual Studio Solution File, Format Version 12.00
# Visual Studio Version 17
VisualStudioVersion = 17.8.34511.84
MinimumVisualStudioVersion = 10.0.40219.1
Project("{FAE04EC0-301F-11D3-BF4B-00C04F79EFBC}") = "AppNumeroDaSorte", "AppNumeroDaSorte\AppNumeroDaSorte.csproj", "{67EAA1F3-7E98-466E-89B2-0703BA68F977}"
EndProject
Global
	GlobalSection(SolutionConfigurationPlatforms) = preSolution
		Debug|Any CPU = Debug|Any CPU
		Release|Any CPU = Release|Any CPU
	EndGlobalSection
	GlobalSection(ProjectConfigurationPlatforms) = postSolution
		{67EAA1F3-7E98-466E-89B2-0703BA68F977}.Debug|Any CPU.ActiveCfg = Debug|Any CPU
		{67EAA1F3-7E98-466E-89B2-0703BA68F977}.Debug|Any CPU.Build.0 = Debug|Any CPU
		{67EAA1F3-7E98-466E-89B2-0703BA68F977}.Debug|Any CPU.Deploy.0 = Debug|Any CPU
		{67EAA1F3-7E98-466E-89B2-0703BA68F977}.Release|Any CPU.ActiveCfg = Release|Any CPU
		{67EAA1F3-7E98-466E-89B2-0703BA68F977}.Release|Any CPU.Build.0 = Release|Any CPU
		{67EAA1F3-7E98-466E-89B2-0703BA68F977}.Release|Any CPU.Deploy.0 = Release|Any CPU
	EndGlobalSection
	GlobalSection(SolutionProperties) = preSolution
		HideSolutionNode = FALSE
	EndGlobalSection
	GlobalSection(ExtensibilityGlobals) = postSolution
		SolutionGuid = {26AC2780-2060-4BEA-B8BE-60B27419172D}
	EndGlobalSection
EndGlobal
